
Microsoft Visual Studio Solution File, Format Version 12.00
# Visual Studio Version 16
VisualStudioVersion = 16.0.31205.134
MinimumVisualStudioVersion = 10.0.40219.1
Project("{FAE04EC0-301F-11D3-BF4B-00C04F79EFBC}") = "GraphQLPOC", "GraphQLPOC\GraphQLPOC.csproj", "{370C429E-BC49-4429-95AE-945C40382981}"
EndProject
Global
	GlobalSection(SolutionConfigurationPlatforms) = preSolution
		Debug|Any CPU = Debug|Any CPU
		Release|Any CPU = Release|Any CPU
	EndGlobalSection
	GlobalSection(ProjectConfigurationPlatforms) = postSolution
		{370C429E-BC49-4429-95AE-945C40382981}.Debug|Any CPU.ActiveCfg = Debug|Any CPU
		{370C429E-BC49-4429-95AE-945C40382981}.Debug|Any CPU.Build.0 = Debug|Any CPU
		{370C429E-BC49-4429-95AE-945C40382981}.Release|Any CPU.ActiveCfg = Release|Any CPU
		{370C429E-BC49-4429-95AE-945C40382981}.Release|Any CPU.Build.0 = Release|Any CPU
	EndGlobalSection
	GlobalSection(SolutionProperties) = preSolution
		HideSolutionNode = FALSE
	EndGlobalSection
	GlobalSection(ExtensibilityGlobals) = postSolution
		SolutionGuid = {D30A93EE-01C6-4C10-B9FF-3546C9368262}
	EndGlobalSection
EndGlobal
